<?xml version="1.0" encoding="utf-8"?>
<Project ToolsVersion="4.0" xmlns="http://schemas.microsoft.com/developer/msbuild/2003">
  <ItemGroup>
    <Filter Include="include">
      <UniqueIdentifier>{c38eb854-b1f7-4405-a719-8461bfc58647}</UniqueIdentifier>
    </Filter>
    <Filter Include="include\detail">
      <UniqueIdentifier>{79dbbe9b-ba3c-4e7b-9863-557dcaa891c1}</UniqueIdentifier>
    </Filter>
    <Filter Include="src">
      <UniqueIdentifier>{e8f61295-effa-4942-8c25-b04f53e8953b}</UniqueIdentifier>
    </Filter>
    <Filter Include="include\middleware">
      <UniqueIdentifier>{89b952e8-1a65-4ec3-8b0d-f2f9475d431c}</UniqueIdentifier>
    </Filter>
    <Filter Include="include\middleware\redis_session">
      <UniqueIdentifier>{68caa1f3-7553-4e75-a762-f8c8438c9de1}</UniqueIdentifier>
    </Filter>
    <Filter Include="include\middleware\async">
      <UniqueIdentifier>{d0d0acb1-cde6-4130-988e-394d87e5e471}</UniqueIdentifier>
    </Filter>
  </ItemGroup>
  <ItemGroup>
    <ClInclude Include="..\include\detail\detail.hpp">
      <Filter>include\detail</Filter>
    </ClInclude>
    <ClInclude Include="..\include\request.hpp">
      <Filter>include</Filter>
    </ClInclude>
    <ClInclude Include="..\include\response.hpp">
      <Filter>include</Filter>
    </ClInclude>
    <ClInclude Include="..\include\xhttp_server.hpp">
      <Filter>include</Filter>
    </ClInclude>
    <ClInclude Include="..\include\uploader.hpp">
      <Filter>include</Filter>
    </ClInclude>
    <ClInclude Include="..\include\downloader.hpp">
      <Filter>include</Filter>
    </ClInclude>
    <ClInclude Include="..\include\filelist.hpp">
      <Filter>include</Filter>
    </ClInclude>
    <ClInclude Include="..\include\middleware\redis_session\xsession.hpp">
      <Filter>include\middleware\redis_session</Filter>
    </ClInclude>
    <ClInclude Include="..\include\middleware\async\async.hpp">
      <Filter>include\middleware\async</Filter>
    </ClInclude>
    <ClInclude Include="..\include\query.hpp">
      <Filter>include</Filter>
    </ClInclude>
  </ItemGroup>
  <ItemGroup>
    <ClCompile Include="unit_test.cpp">
      <Filter>src</Filter>
    </ClCompile>
  </ItemGroup>
</Project>